<?xml version="1.0" encoding="utf-8"?>
<Project ToolsVersion="4.0" xmlns="http://schemas.microsoft.com/developer/msbuild/2003">
  <ItemGroup>
    <Filter Include="Source Files">
      <UniqueIdentifier>{4FC737F1-C7A5-4376-A066-2A32D752A2FF}</UniqueIdentifier>
      <Extensions>cpp;c;cc;cxx;def;odl;idl;hpj;bat;asm;asmx</Extensions>
    </Filter>
    <Filter Include="Header Files">
      <UniqueIdentifier>{93995380-89BD-4b04-88EB-625FBE52EBFB}</UniqueIdentifier>
      <Extensions>h;hh;hpp;hxx;hm;inl;inc;xsd</Extensions>
    </Filter>
    <Filter Include="Resource Files">
      <UniqueIdentifier>{67DA6AB6-F800-4c08-8B7A-83BB121AAD01}</UniqueIdentifier>
      <Extensions>rc;ico;cur;bmp;dlg;rc2;rct;bin;rgs;gif;jpg;jpeg;jpe;resx;tiff;tif;png;wav;mfcribbon-ms</Extensions>
    </Filter>
    <Filter Include="Source Files\elib">
      <UniqueIdentifier>{33ab59d3-0222-444c-b0c9-41cb2b67ad19}</UniqueIdentifier>
    </Filter>
    <Filter Include="Header Files\elib">
      <UniqueIdentifier>{8632ecaa-338d-44b5-bd41-3801f2f44e38}</UniqueIdentifier>
    </Filter>
  </ItemGroup>
  <ItemGroup>
    <ClCompile Include="..\..\game2015\actor.cpp">
      <Filter>Source Files</Filter>
    </ClCompile>
    <ClCompile Include="..\..\game2015\ammo.cpp">
      <Filter>Source Files</Filter>
    </ClCompile>
    <ClCompile Include="..\..\game2015\animals.cpp">
      <Filter>Source Files</Filter>
    </ClCompile>
    <ClCompile Include="..\..\game2015\arcade_comm.cpp">
      <Filter>Source Files</Filter>
    </ClCompile>
    <ClCompile Include="..\..\game2015\archive.cpp">
      <Filter>Source Files</Filter>
    </ClCompile>
    <ClCompile Include="..\..\game2015\areaportal.cpp">
      <Filter>Source Files</Filter>
    </ClCompile>
    <ClCompile Include="..\..\game2015\armor.cpp">
      <Filter>Source Files</Filter>
    </ClCompile>
    <ClCompile Include="..\..\game2015\assaultrifle.cpp">
      <Filter>Source Files</Filter>
    </ClCompile>
    <ClCompile Include="..\..\game2015\bacrodai.cpp">
      <Filter>Source Files</Filter>
    </ClCompile>
    <ClCompile Include="..\..\game2015\behavior.cpp">
      <Filter>Source Files</Filter>
    </ClCompile>
    <ClCompile Include="..\..\game2015\bob.cpp">
      <Filter>Source Files</Filter>
    </ClCompile>
    <ClCompile Include="..\..\game2015\bouncingbetty.cpp">
      <Filter>Source Files</Filter>
    </ClCompile>
    <ClCompile Include="..\..\game2015\box.cpp">
      <Filter>Source Files</Filter>
    </ClCompile>
    <ClCompile Include="..\..\game2015\bspline.cpp">
      <Filter>Source Files</Filter>
    </ClCompile>
    <ClCompile Include="..\..\game2015\bullet.cpp">
      <Filter>Source Files</Filter>
    </ClCompile>
    <ClCompile Include="..\..\game2015\camera.cpp">
      <Filter>Source Files</Filter>
    </ClCompile>
    <ClCompile Include="..\..\game2015\camgun.cpp">
      <Filter>Source Files</Filter>
    </ClCompile>
    <ClCompile Include="..\..\game2015\ceilingsteering.cpp">
      <Filter>Source Files</Filter>
    </ClCompile>
    <ClCompile Include="..\..\game2015\chaingun.cpp">
      <Filter>Source Files</Filter>
    </ClCompile>
    <ClCompile Include="..\..\game2015\checkpoints.cpp">
      <Filter>Source Files</Filter>
    </ClCompile>
    <ClCompile Include="..\..\game2015\class.cpp">
      <Filter>Source Files</Filter>
    </ClCompile>
    <ClCompile Include="..\..\game2015\concussion.cpp">
      <Filter>Source Files</Filter>
    </ClCompile>
    <ClCompile Include="..\..\game2015\console.cpp">
      <Filter>Source Files</Filter>
    </ClCompile>
    <ClCompile Include="..\..\game2015\crawler.cpp">
      <Filter>Source Files</Filter>
    </ClCompile>
    <ClCompile Include="..\..\game2015\crossbow.cpp">
      <Filter>Source Files</Filter>
    </ClCompile>
    <ClCompile Include="..\..\game2015\ctf.cpp">
      <Filter>Source Files</Filter>
    </ClCompile>
    <ClCompile Include="..\..\game2015\ctf_turret.cpp">
      <Filter>Source Files</Filter>
    </ClCompile>
    <ClCompile Include="..\..\game2015\deadbody.cpp">
      <Filter>Source Files</Filter>
    </ClCompile>
    <ClCompile Include="..\..\game2015\doors.cpp">
      <Filter>Source Files</Filter>
    </ClCompile>
    <ClCompile Include="..\..\game2015\dualmagnum.cpp">
      <Filter>Source Files</Filter>
    </ClCompile>
    <ClCompile Include="..\..\game2015\earthquake.cpp">
      <Filter>Source Files</Filter>
    </ClCompile>
    <ClCompile Include="..\..\game2015\entity.cpp">
      <Filter>Source Files</Filter>
    </ClCompile>
    <ClCompile Include="..\..\game2015\eonandpeon.cpp">
      <Filter>Source Files</Filter>
    </ClCompile>
    <ClCompile Include="..\..\game2015\explosion.cpp">
      <Filter>Source Files</Filter>
    </ClCompile>
    <ClCompile Include="..\..\game2015\fists.cpp">
      <Filter>Source Files</Filter>
    </ClCompile>
    <ClCompile Include="..\..\game2015\flamethrower.cpp">
      <Filter>Source Files</Filter>
    </ClCompile>
    <ClCompile Include="..\..\game2015\flashlight.cpp">
      <Filter>Source Files</Filter>
    </ClCompile>
    <ClCompile Include="..\..\game2015\g_main.cpp">
      <Filter>Source Files</Filter>
    </ClCompile>
    <ClCompile Include="..\..\game2015\g_phys.cpp">
      <Filter>Source Files</Filter>
    </ClCompile>
    <ClCompile Include="..\..\game2015\g_spawn.cpp">
      <Filter>Source Files</Filter>
    </ClCompile>
    <ClCompile Include="..\..\game2015\g_utils.cpp">
      <Filter>Source Files</Filter>
    </ClCompile>
    <ClCompile Include="..\..\game2015\gamescript.cpp">
      <Filter>Source Files</Filter>
    </ClCompile>
    <ClCompile Include="..\..\game2015\genericbullet.cpp">
      <Filter>Source Files</Filter>
    </ClCompile>
    <ClCompile Include="..\..\game2015\genericrocket.cpp">
      <Filter>Source Files</Filter>
    </ClCompile>
    <ClCompile Include="..\..\game2015\gibs.cpp">
      <Filter>Source Files</Filter>
    </ClCompile>
    <ClCompile Include="..\..\game2015\glowstick.cpp">
      <Filter>Source Files</Filter>
    </ClCompile>
    <ClCompile Include="..\..\game2015\goliath.cpp">
      <Filter>Source Files</Filter>
    </ClCompile>
    <ClCompile Include="..\..\game2015\grapple.cpp">
      <Filter>Source Files</Filter>
    </ClCompile>
    <ClCompile Include="..\..\game2015\gravpath.cpp">
      <Filter>Source Files</Filter>
    </ClCompile>
    <ClCompile Include="..\..\game2015\guidedmissile.cpp">
      <Filter>Source Files</Filter>
    </ClCompile>
    <ClCompile Include="..\..\game2015\hammer.cpp">
      <Filter>Source Files</Filter>
    </ClCompile>
    <ClCompile Include="..\..\game2015\health.cpp">
      <Filter>Source Files</Filter>
    </ClCompile>
    <ClCompile Include="..\..\game2015\heligun.cpp">
      <Filter>Source Files</Filter>
    </ClCompile>
    <ClCompile Include="..\..\game2015\hoverbike.cpp">
      <Filter>Source Files</Filter>
    </ClCompile>
    <ClCompile Include="..\..\game2015\hoverweap.cpp">
      <Filter>Source Files</Filter>
    </ClCompile>
    <ClCompile Include="..\..\game2015\informergun.cpp">
      <Filter>Source Files</Filter>
    </ClCompile>
    <ClCompile Include="..\..\game2015\inventoryitem.cpp">
      <Filter>Source Files</Filter>
    </ClCompile>
    <ClCompile Include="..\..\game2015\item.cpp">
      <Filter>Source Files</Filter>
    </ClCompile>
    <ClCompile Include="..\..\game2015\jitter.cpp">
      <Filter>Source Files</Filter>
    </ClCompile>
    <ClCompile Include="..\..\game2015\keys.cpp">
      <Filter>Source Files</Filter>
    </ClCompile>
    <ClCompile Include="..\..\game2015\launcher.cpp">
      <Filter>Source Files</Filter>
    </ClCompile>
    <ClCompile Include="..\..\game2015\lensflare.cpp">
      <Filter>Source Files</Filter>
    </ClCompile>
    <ClCompile Include="..\..\game2015\light.cpp">
      <Filter>Source Files</Filter>
    </ClCompile>
    <ClCompile Include="..\..\game2015\listener.cpp">
      <Filter>Source Files</Filter>
    </ClCompile>
    <ClCompile Include="..\..\game2015\magnum.cpp">
      <Filter>Source Files</Filter>
    </ClCompile>
    <ClCompile Include="..\..\game2015\maneroboss.cpp">
      <Filter>Source Files</Filter>
    </ClCompile>
    <ClCompile Include="..\..\game2015\misc.cpp">
      <Filter>Source Files</Filter>
    </ClCompile>
    <ClCompile Include="..\..\game2015\mortician.cpp">
      <Filter>Source Files</Filter>
    </ClCompile>
    <ClCompile Include="..\..\game2015\movecapture.cpp">
      <Filter>Source Files</Filter>
    </ClCompile>
    <ClCompile Include="..\..\game2015\mover.cpp">
      <Filter>Source Files</Filter>
    </ClCompile>
    <ClCompile Include="..\..\game2015\mutanthands.cpp">
      <Filter>Source Files</Filter>
    </ClCompile>
    <ClCompile Include="..\..\game2015\navigate.cpp">
      <Filter>Source Files</Filter>
    </ClCompile>
    <ClCompile Include="..\..\game2015\nuke.cpp">
      <Filter>Source Files</Filter>
    </ClCompile>
    <ClCompile Include="..\..\game2015\object.cpp">
      <Filter>Source Files</Filter>
    </ClCompile>
    <ClCompile Include="..\..\game2015\path.cpp">
      <Filter>Source Files</Filter>
    </ClCompile>
    <ClCompile Include="..\..\game2015\peon.cpp">
      <Filter>Source Files</Filter>
    </ClCompile>
    <ClCompile Include="..\..\game2015\player.cpp">
      <Filter>Source Files</Filter>
    </ClCompile>
    <ClCompile Include="..\..\game2015\PlayerStart.cpp">
      <Filter>Source Files</Filter>
    </ClCompile>
    <ClCompile Include="..\..\game2015\powerups.cpp">
      <Filter>Source Files</Filter>
    </ClCompile>
    <ClCompile Include="..\..\game2015\pulserifle.cpp">
      <Filter>Source Files</Filter>
    </ClCompile>
    <ClCompile Include="..\..\game2015\quantumd.cpp">
      <Filter>Source Files</Filter>
    </ClCompile>
    <ClCompile Include="..\..\game2015\reactiveshields.cpp">
      <Filter>Source Files</Filter>
    </ClCompile>
    <ClCompile Include="..\..\game2015\rocket_turret.cpp">
      <Filter>Source Files</Filter>
    </ClCompile>
    <ClCompile Include="..\..\game2015\rocketlauncher.cpp">
      <Filter>Source Files</Filter>
    </ClCompile>
    <ClCompile Include="..\..\game2015\rocketpack.cpp">
      <Filter>Source Files</Filter>
    </ClCompile>
    <ClCompile Include="..\..\game2015\rope.cpp">
      <Filter>Source Files</Filter>
    </ClCompile>
    <ClCompile Include="..\..\game2015\script.cpp">
      <Filter>Source Files</Filter>
    </ClCompile>
    <ClCompile Include="..\..\game2015\scriptmaster.cpp">
      <Filter>Source Files</Filter>
    </ClCompile>
    <ClCompile Include="..\..\game2015\scriptslave.cpp">
      <Filter>Source Files</Filter>
    </ClCompile>
    <ClCompile Include="..\..\game2015\scriptvariable.cpp">
      <Filter>Source Files</Filter>
    </ClCompile>
    <ClCompile Include="..\..\game2015\secgun.cpp">
      <Filter>Source Files</Filter>
    </ClCompile>
    <ClCompile Include="..\..\game2015\securityturret.cpp">
      <Filter>Source Files</Filter>
    </ClCompile>
    <ClCompile Include="..\..\game2015\sentient.cpp">
      <Filter>Source Files</Filter>
    </ClCompile>
    <ClCompile Include="..\..\game2015\shield.cpp">
      <Filter>Source Files</Filter>
    </ClCompile>
    <ClCompile Include="..\..\game2015\shotgun.cpp">
      <Filter>Source Files</Filter>
    </ClCompile>
    <ClCompile Include="..\..\game2015\shotrocketlauncher.cpp">
      <Filter>Source Files</Filter>
    </ClCompile>
    <ClCompile Include="..\..\game2015\silencer.cpp">
      <Filter>Source Files</Filter>
    </ClCompile>
    <ClCompile Include="..\..\game2015\skeet.cpp">
      <Filter>Source Files</Filter>
    </ClCompile>
    <ClCompile Include="..\..\game2015\sniperrifle.cpp">
      <Filter>Source Files</Filter>
    </ClCompile>
    <ClCompile Include="..\..\game2015\speargun.cpp">
      <Filter>Source Files</Filter>
    </ClCompile>
    <ClCompile Include="..\..\game2015\specialfx.cpp">
      <Filter>Source Files</Filter>
    </ClCompile>
    <ClCompile Include="..\..\game2015\spidermine.cpp">
      <Filter>Source Files</Filter>
    </ClCompile>
    <ClCompile Include="..\..\game2015\splitter.cpp">
      <Filter>Source Files</Filter>
    </ClCompile>
    <ClCompile Include="..\..\game2015\spritegun.cpp">
      <Filter>Source Files</Filter>
    </ClCompile>
    <ClCompile Include="..\..\game2015\steering.cpp">
      <Filter>Source Files</Filter>
    </ClCompile>
    <ClCompile Include="..\..\game2015\str.cpp">
      <Filter>Source Files</Filter>
    </ClCompile>
    <ClCompile Include="..\..\game2015\stungun.cpp">
      <Filter>Source Files</Filter>
    </ClCompile>
    <ClCompile Include="..\..\game2015\surface.cpp">
      <Filter>Source Files</Filter>
    </ClCompile>
    <ClCompile Include="..\..\game2015\testweapon.cpp">
      <Filter>Source Files</Filter>
    </ClCompile>
    <ClCompile Include="..\..\game2015\thrall.cpp">
      <Filter>Source Files</Filter>
    </ClCompile>
    <ClCompile Include="..\..\game2015\thug.cpp">
      <Filter>Source Files</Filter>
    </ClCompile>
    <ClCompile Include="..\..\game2015\trigger.cpp">
      <Filter>Source Files</Filter>
    </ClCompile>
    <ClCompile Include="..\..\game2015\turret.cpp">
      <Filter>Source Files</Filter>
    </ClCompile>
    <ClCompile Include="..\..\game2015\vehicle.cpp">
      <Filter>Source Files</Filter>
    </ClCompile>
    <ClCompile Include="..\..\game2015\viewthing.cpp">
      <Filter>Source Files</Filter>
    </ClCompile>
    <ClCompile Include="..\..\game2015\weapon.cpp">
      <Filter>Source Files</Filter>
    </ClCompile>
    <ClCompile Include="..\..\game2015\worldspawn.cpp">
      <Filter>Source Files</Filter>
    </ClCompile>
    <ClCompile Include="..\..\game2015\wrench.cpp">
      <Filter>Source Files</Filter>
    </ClCompile>
    <ClCompile Include="..\..\game2015\q_shared.c">
      <Filter>Source Files</Filter>
    </ClCompile>
    <ClCompile Include="..\..\elib\emisc.cpp">
      <Filter>Source Files\elib</Filter>
    </ClCompile>
    <ClCompile Include="..\..\elib\qstring.cpp">
      <Filter>Source Files\elib</Filter>
    </ClCompile>
    <ClCompile Include="..\..\elib\zone.cpp">
      <Filter>Source Files\elib</Filter>
    </ClCompile>
  </ItemGroup>
  <ItemGroup>
    <ClInclude Include="..\..\game2015\actor.h">
      <Filter>Header Files</Filter>
    </ClInclude>
    <ClInclude Include="..\..\game2015\ammo.h">
      <Filter>Header Files</Filter>
    </ClInclude>
    <ClInclude Include="..\..\game2015\arcade_comm.h">
      <Filter>Header Files</Filter>
    </ClInclude>
    <ClInclude Include="..\..\game2015\archive.h">
      <Filter>Header Files</Filter>
    </ClInclude>
    <ClInclude Include="..\..\game2015\areaportal.h">
      <Filter>Header Files</Filter>
    </ClInclude>
    <ClInclude Include="..\..\game2015\armor.h">
      <Filter>Header Files</Filter>
    </ClInclude>
    <ClInclude Include="..\..\game2015\assaultrifle.h">
      <Filter>Header Files</Filter>
    </ClInclude>
    <ClInclude Include="..\..\game2015\bacrodai.h">
      <Filter>Header Files</Filter>
    </ClInclude>
    <ClInclude Include="..\..\game2015\behavior.h">
      <Filter>Header Files</Filter>
    </ClInclude>
    <ClInclude Include="..\..\game2015\bob.h">
      <Filter>Header Files</Filter>
    </ClInclude>
    <ClInclude Include="..\..\game2015\bouncingbetty.h">
      <Filter>Header Files</Filter>
    </ClInclude>
    <ClInclude Include="..\..\game2015\box.h">
      <Filter>Header Files</Filter>
    </ClInclude>
    <ClInclude Include="..\..\game2015\bspline.h">
      <Filter>Header Files</Filter>
    </ClInclude>
    <ClInclude Include="..\..\game2015\bullet.h">
      <Filter>Header Files</Filter>
    </ClInclude>
    <ClInclude Include="..\..\game2015\camera.h">
      <Filter>Header Files</Filter>
    </ClInclude>
    <ClInclude Include="..\..\game2015\ceilingsteering.h">
      <Filter>Header Files</Filter>
    </ClInclude>
    <ClInclude Include="..\..\game2015\chaingun.h">
      <Filter>Header Files</Filter>
    </ClInclude>
    <ClInclude Include="..\..\game2015\checkpoints.h">
      <Filter>Header Files</Filter>
    </ClInclude>
    <ClInclude Include="..\..\game2015\class.h">
      <Filter>Header Files</Filter>
    </ClInclude>
    <ClInclude Include="..\..\game2015\concussion.h">
      <Filter>Header Files</Filter>
    </ClInclude>
    <ClInclude Include="..\..\game2015\console.h">
      <Filter>Header Files</Filter>
    </ClInclude>
    <ClInclude Include="..\..\game2015\container.h">
      <Filter>Header Files</Filter>
    </ClInclude>
    <ClInclude Include="..\..\game2015\crawler.h">
      <Filter>Header Files</Filter>
    </ClInclude>
    <ClInclude Include="..\..\game2015\crossbow.h">
      <Filter>Header Files</Filter>
    </ClInclude>
    <ClInclude Include="..\..\game2015\ctf.h">
      <Filter>Header Files</Filter>
    </ClInclude>
    <ClInclude Include="..\..\game2015\ctf_turret.h">
      <Filter>Header Files</Filter>
    </ClInclude>
    <ClInclude Include="..\..\game2015\datamap.h">
      <Filter>Header Files</Filter>
    </ClInclude>
    <ClInclude Include="..\..\game2015\deadbody.h">
      <Filter>Header Files</Filter>
    </ClInclude>
    <ClInclude Include="..\..\game2015\doors.h">
      <Filter>Header Files</Filter>
    </ClInclude>
    <ClInclude Include="..\..\game2015\dualmagnum.h">
      <Filter>Header Files</Filter>
    </ClInclude>
    <ClInclude Include="..\..\game2015\earthquake.h">
      <Filter>Header Files</Filter>
    </ClInclude>
    <ClInclude Include="..\..\game2015\entity.h">
      <Filter>Header Files</Filter>
    </ClInclude>
    <ClInclude Include="..\..\game2015\eonandpeon.h">
      <Filter>Header Files</Filter>
    </ClInclude>
    <ClInclude Include="..\..\game2015\explosion.h">
      <Filter>Header Files</Filter>
    </ClInclude>
    <ClInclude Include="..\..\game2015\fists.h">
      <Filter>Header Files</Filter>
    </ClInclude>
    <ClInclude Include="..\..\game2015\flamethrower.h">
      <Filter>Header Files</Filter>
    </ClInclude>
    <ClInclude Include="..\..\game2015\flashlight.h">
      <Filter>Header Files</Filter>
    </ClInclude>
    <ClInclude Include="..\..\game2015\g_local.h">
      <Filter>Header Files</Filter>
    </ClInclude>
    <ClInclude Include="..\..\game2015\g_main.h">
      <Filter>Header Files</Filter>
    </ClInclude>
    <ClInclude Include="..\..\game2015\g_phys.h">
      <Filter>Header Files</Filter>
    </ClInclude>
    <ClInclude Include="..\..\game2015\g_spawn.h">
      <Filter>Header Files</Filter>
    </ClInclude>
    <ClInclude Include="..\..\game2015\g_utils.h">
      <Filter>Header Files</Filter>
    </ClInclude>
    <ClInclude Include="..\..\game2015\game.h">
      <Filter>Header Files</Filter>
    </ClInclude>
    <ClInclude Include="..\..\game2015\gamescript.h">
      <Filter>Header Files</Filter>
    </ClInclude>
    <ClInclude Include="..\..\game2015\genericbullet.h">
      <Filter>Header Files</Filter>
    </ClInclude>
    <ClInclude Include="..\..\game2015\genericrocket.h">
      <Filter>Header Files</Filter>
    </ClInclude>
    <ClInclude Include="..\..\game2015\gibs.h">
      <Filter>Header Files</Filter>
    </ClInclude>
    <ClInclude Include="..\..\game2015\goliath.h">
      <Filter>Header Files</Filter>
    </ClInclude>
    <ClInclude Include="..\..\game2015\grapple.h">
      <Filter>Header Files</Filter>
    </ClInclude>
    <ClInclude Include="..\..\game2015\gravpath.h">
      <Filter>Header Files</Filter>
    </ClInclude>
    <ClInclude Include="..\..\game2015\guidedmissile.h">
      <Filter>Header Files</Filter>
    </ClInclude>
    <ClInclude Include="..\..\game2015\health.h">
      <Filter>Header Files</Filter>
    </ClInclude>
    <ClInclude Include="..\..\game2015\heligun.h">
      <Filter>Header Files</Filter>
    </ClInclude>
    <ClInclude Include="..\..\game2015\hoverbike.h">
      <Filter>Header Files</Filter>
    </ClInclude>
    <ClInclude Include="..\..\game2015\hoverweap.h">
      <Filter>Header Files</Filter>
    </ClInclude>
    <ClInclude Include="..\..\game2015\informergun.h">
      <Filter>Header Files</Filter>
    </ClInclude>
    <ClInclude Include="..\..\game2015\inventoryitem.h">
      <Filter>Header Files</Filter>
    </ClInclude>
    <ClInclude Include="..\..\game2015\item.h">
      <Filter>Header Files</Filter>
    </ClInclude>
    <ClInclude Include="..\..\game2015\jitter.h">
      <Filter>Header Files</Filter>
    </ClInclude>
    <ClInclude Include="..\..\game2015\lensflare.h">
      <Filter>Header Files</Filter>
    </ClInclude>
    <ClInclude Include="..\..\game2015\light.h">
      <Filter>Header Files</Filter>
    </ClInclude>
    <ClInclude Include="..\..\game2015\LINKLIST.H">
      <Filter>Header Files</Filter>
    </ClInclude>
    <ClInclude Include="..\..\game2015\listener.h">
      <Filter>Header Files</Filter>
    </ClInclude>
    <ClInclude Include="..\..\game2015\magnum.h">
      <Filter>Header Files</Filter>
    </ClInclude>
    <ClInclude Include="..\..\game2015\maneroboss.h">
      <Filter>Header Files</Filter>
    </ClInclude>
    <ClInclude Include="..\..\game2015\misc.h">
      <Filter>Header Files</Filter>
    </ClInclude>
    <ClInclude Include="..\..\game2015\mortician.h">
      <Filter>Header Files</Filter>
    </ClInclude>
    <ClInclude Include="..\..\game2015\movecapture.h">
      <Filter>Header Files</Filter>
    </ClInclude>
    <ClInclude Include="..\..\game2015\mover.h">
      <Filter>Header Files</Filter>
    </ClInclude>
    <ClInclude Include="..\..\game2015\mutanthands.h">
      <Filter>Header Files</Filter>
    </ClInclude>
    <ClInclude Include="..\..\game2015\navigate.h">
      <Filter>Header Files</Filter>
    </ClInclude>
    <ClInclude Include="..\..\game2015\nuke.h">
      <Filter>Header Files</Filter>
    </ClInclude>
    <ClInclude Include="..\..\game2015\object.h">
      <Filter>Header Files</Filter>
    </ClInclude>
    <ClInclude Include="..\..\game2015\path.h">
      <Filter>Header Files</Filter>
    </ClInclude>
    <ClInclude Include="..\..\game2015\peon.h">
      <Filter>Header Files</Filter>
    </ClInclude>
    <ClInclude Include="..\..\game2015\player.h">
      <Filter>Header Files</Filter>
    </ClInclude>
    <ClInclude Include="..\..\game2015\PlayerStart.h">
      <Filter>Header Files</Filter>
    </ClInclude>
    <ClInclude Include="..\..\game2015\powerups.h">
      <Filter>Header Files</Filter>
    </ClInclude>
    <ClInclude Include="..\..\game2015\prioritystack.h">
      <Filter>Header Files</Filter>
    </ClInclude>
    <ClInclude Include="..\..\game2015\pulserifle.h">
      <Filter>Header Files</Filter>
    </ClInclude>
    <ClInclude Include="..\..\game2015\q_shared.h">
      <Filter>Header Files</Filter>
    </ClInclude>
    <ClInclude Include="..\..\game2015\quantumd.h">
      <Filter>Header Files</Filter>
    </ClInclude>
    <ClInclude Include="..\..\game2015\queue.h">
      <Filter>Header Files</Filter>
    </ClInclude>
    <ClInclude Include="..\..\game2015\rocket_turret.h">
      <Filter>Header Files</Filter>
    </ClInclude>
    <ClInclude Include="..\..\game2015\rocketlauncher.h">
      <Filter>Header Files</Filter>
    </ClInclude>
    <ClInclude Include="..\..\game2015\rocketpack.h">
      <Filter>Header Files</Filter>
    </ClInclude>
    <ClInclude Include="..\..\game2015\rope.h">
      <Filter>Header Files</Filter>
    </ClInclude>
    <ClInclude Include="..\..\game2015\script.h">
      <Filter>Header Files</Filter>
    </ClInclude>
    <ClInclude Include="..\..\game2015\scriptmaster.h">
      <Filter>Header Files</Filter>
    </ClInclude>
    <ClInclude Include="..\..\game2015\scriptslave.h">
      <Filter>Header Files</Filter>
    </ClInclude>
    <ClInclude Include="..\..\game2015\scriptvariable.h">
      <Filter>Header Files</Filter>
    </ClInclude>
    <ClInclude Include="..\..\game2015\secgun.h">
      <Filter>Header Files</Filter>
    </ClInclude>
    <ClInclude Include="..\..\game2015\securityturret.h">
      <Filter>Header Files</Filter>
    </ClInclude>
    <ClInclude Include="..\..\game2015\sentient.h">
      <Filter>Header Files</Filter>
    </ClInclude>
    <ClInclude Include="..\..\game2015\shotgun.h">
      <Filter>Header Files</Filter>
    </ClInclude>
    <ClInclude Include="..\..\game2015\shotrocketlauncher.h">
      <Filter>Header Files</Filter>
    </ClInclude>
    <ClInclude Include="..\..\game2015\silencer.h">
      <Filter>Header Files</Filter>
    </ClInclude>
    <ClInclude Include="..\..\game2015\skeet.h">
      <Filter>Header Files</Filter>
    </ClInclude>
    <ClInclude Include="..\..\game2015\sniperrifle.h">
      <Filter>Header Files</Filter>
    </ClInclude>
    <ClInclude Include="..\..\game2015\speargun.h">
      <Filter>Header Files</Filter>
    </ClInclude>
    <ClInclude Include="..\..\game2015\specialfx.h">
      <Filter>Header Files</Filter>
    </ClInclude>
    <ClInclude Include="..\..\game2015\spidermine.h">
      <Filter>Header Files</Filter>
    </ClInclude>
    <ClInclude Include="..\..\game2015\splitter.h">
      <Filter>Header Files</Filter>
    </ClInclude>
    <ClInclude Include="..\..\game2015\spritegun.h">
      <Filter>Header Files</Filter>
    </ClInclude>
    <ClInclude Include="..\..\game2015\stack.h">
      <Filter>Header Files</Filter>
    </ClInclude>
    <ClInclude Include="..\..\game2015\steering.h">
      <Filter>Header Files</Filter>
    </ClInclude>
    <ClInclude Include="..\..\game2015\str.h">
      <Filter>Header Files</Filter>
    </ClInclude>
    <ClInclude Include="..\..\game2015\stungun.h">
      <Filter>Header Files</Filter>
    </ClInclude>
    <ClInclude Include="..\..\game2015\surface.h">
      <Filter>Header Files</Filter>
    </ClInclude>
    <ClInclude Include="..\..\game2015\testweapon.h">
      <Filter>Header Files</Filter>
    </ClInclude>
    <ClInclude Include="..\..\game2015\thrall.h">
      <Filter>Header Files</Filter>
    </ClInclude>
    <ClInclude Include="..\..\game2015\thug.h">
      <Filter>Header Files</Filter>
    </ClInclude>
    <ClInclude Include="..\..\game2015\trigger.h">
      <Filter>Header Files</Filter>
    </ClInclude>
    <ClInclude Include="..\..\game2015\turret.h">
      <Filter>Header Files</Filter>
    </ClInclude>
    <ClInclude Include="..\..\game2015\vector.h">
      <Filter>Header Files</Filter>
    </ClInclude>
    <ClInclude Include="..\..\game2015\vehicle.h">
      <Filter>Header Files</Filter>
    </ClInclude>
    <ClInclude Include="..\..\game2015\viewthing.h">
      <Filter>Header Files</Filter>
    </ClInclude>
    <ClInclude Include="..\..\game2015\weapon.h">
      <Filter>Header Files</Filter>
    </ClInclude>
    <ClInclude Include="..\..\game2015\worldspawn.h">
      <Filter>Header Files</Filter>
    </ClInclude>
    <ClInclude Include="..\..\elib\elib.h">
      <Filter>Header Files\elib</Filter>
    </ClInclude>
    <ClInclude Include="..\..\elib\misc.h">
      <Filter>Header Files\elib</Filter>
    </ClInclude>
    <ClInclude Include="..\..\elib\qstring.h">
      <Filter>Header Files\elib</Filter>
    </ClInclude>
    <ClInclude Include="..\..\elib\zone.h">
      <Filter>Header Files\elib</Filter>
    </ClInclude>
    <ClInclude Include="..\..\elib\qstringmap.h">
      <Filter>Header Files\elib</Filter>
    </ClInclude>
    <ClInclude Include="..\..\elib\m_ctype.h">
      <Filter>Header Files\elib</Filter>
    </ClInclude>
  </ItemGroup>
  <ItemGroup>
    <None Include="..\..\game2015\game.def">
      <Filter>Source Files</Filter>
    </None>
  </ItemGroup>
</Project>